// !$*UTF8*$!
{
	archiveVersion = 1;
	classes = {
	};
	objectVersion = 50;
	objects = {

/* Begin PBXFileReference section */
		BCAAF82F227915F0006FEB03 /* benchmark_alpha.py */ = {isa = PBXFileReference; lastKnownFileType = text.script.python; path = benchmark_alpha.py; sourceTree = "<group>"; };
		BCAAF8302279184D006FEB03 /* benchmark_beta.py */ = {isa = PBXFileReference; lastKnownFileType = text.script.python; path = benchmark_beta.py; sourceTree = "<group>"; };
		BCAFBE16227DA699001B87F4 /* main.py */ = {isa = PBXFileReference; lastKnownFileType = text.script.python; path = main.py; sourceTree = "<group>"; };
		BCED2B852279415000FDC175 /* main_gamma.py */ = {isa = PBXFileReference; lastKnownFileType = text.script.python; path = main_gamma.py; sourceTree = "<group>"; };
		BCFDB2C422788E50006911A6 /* main_beta.py */ = {isa = PBXFileReference; lastKnownFileType = text.script.python; path = main_beta.py; sourceTree = "<group>"; };
		BCFDB2CB22789181006911A6 /* Vectorization_Benchmark.py */ = {isa = PBXFileReference; lastKnownFileType = text.script.python; path = Vectorization_Benchmark.py; sourceTree = "<group>"; };
		BCFDB2CC2278918A006911A6 /* main_alpha.py */ = {isa = PBXFileReference; lastKnownFileType = text.script.python; path = main_alpha.py; sourceTree = "<group>"; };
/* End PBXFileReference section */

/* Begin PBXGroup section */
		BCFDB2BD22788E0F006911A6 = {
			isa = PBXGroup;
			children = (
				BCAFBE16227DA699001B87F4 /* main.py */,
				BCFDB2C922789004006911A6 /* Vectorization */,
				BCFDB2C522788FB5006911A6 /* Versions */,
			);
			sourceTree = "<group>";
		};
		BCFDB2C522788FB5006911A6 /* Versions */ = {
			isa = PBXGroup;
			children = (
				BCED2B852279415000FDC175 /* main_gamma.py */,
				BCAAF8302279184D006FEB03 /* benchmark_beta.py */,
				BCFDB2C422788E50006911A6 /* main_beta.py */,
				BCAAF82F227915F0006FEB03 /* benchmark_alpha.py */,
				BCFDB2CC2278918A006911A6 /* main_alpha.py */,
			);
			path = Versions;
			sourceTree = "<group>";
		};
		BCFDB2C922789004006911A6 /* Vectorization */ = {
			isa = PBXGroup;
			children = (
				BCFDB2CB22789181006911A6 /* Vectorization_Benchmark.py */,
			);
			path = Vectorization;
			sourceTree = "<group>";
		};
/* End PBXGroup section */

/* Begin PBXProject section */
		BCFDB2BE22788E0F006911A6 /* Project object */ = {
			isa = PBXProject;
			attributes = {
				LastUpgradeCheck = 1020;
			};
			buildConfigurationList = BCFDB2C122788E0F006911A6 /* Build configuration list for PBXProject "Project Paul" */;
			compatibilityVersion = "Xcode 9.3";
			developmentRegion = en;
			hasScannedForEncodings = 0;
			knownRegions = (
				en,
			);
			mainGroup = BCFDB2BD22788E0F006911A6;
			projectDirPath = "";
			projectRoot = "";
			targets = (
			);
		};
/* End PBXProject section */

/* Begin XCBuildConfiguration section */
		BCFDB2C222788E0F006911A6 /* Debug */ = {
			isa = XCBuildConfiguration;
			buildSettings = {
			};
			name = Debug;
		};
		BCFDB2C322788E0F006911A6 /* Release */ = {
			isa = XCBuildConfiguration;
			buildSettings = {
			};
			name = Release;
		};
/* End XCBuildConfiguration section */

/* Begin XCConfigurationList section */
		BCFDB2C122788E0F006911A6 /* Build configuration list for PBXProject "Project Paul" */ = {
			isa = XCConfigurationList;
			buildConfigurations = (
				BCFDB2C222788E0F006911A6 /* Debug */,
				BCFDB2C322788E0F006911A6 /* Release */,
			);
			defaultConfigurationIsVisible = 0;
			defaultConfigurationName = Release;
		};
/* End XCConfigurationList section */
	};
	rootObject = BCFDB2BE22788E0F006911A6 /* Project object */;
}
